
Microsoft Visual Studio Solution File, Format Version 12.00
# Visual Studio Version 16
VisualStudioVersion = 16.0.29326.143
MinimumVisualStudioVersion = 10.0.40219.1
Project("{FAE04EC0-301F-11D3-BF4B-00C04F79EFBC}") = "GoogleApi", "GoogleApi.csproj", "{3FB5BE53-8FD8-41F7-B634-009DA1824CFD}"
EndProject
Global
	GlobalSection(SolutionConfigurationPlatforms) = preSolution
		Debug|Any CPU = Debug|Any CPU
		Release|Any CPU = Release|Any CPU
	EndGlobalSection
	GlobalSection(ProjectConfigurationPlatforms) = postSolution
		{3FB5BE53-8FD8-41F7-B634-009DA1824CFD}.Debug|Any CPU.ActiveCfg = Debug|Any CPU
		{3FB5BE53-8FD8-41F7-B634-009DA1824CFD}.Debug|Any CPU.Build.0 = Debug|Any CPU
		{3FB5BE53-8FD8-41F7-B634-009DA1824CFD}.Release|Any CPU.ActiveCfg = Release|Any CPU
		{3FB5BE53-8FD8-41F7-B634-009DA1824CFD}.Release|Any CPU.Build.0 = Release|Any CPU
	EndGlobalSection
	GlobalSection(SolutionProperties) = preSolution
		HideSolutionNode = FALSE
	EndGlobalSection
	GlobalSection(ExtensibilityGlobals) = postSolution
		SolutionGuid = {0D843457-67F9-46DE-8391-F17236899C6C}
	EndGlobalSection
EndGlobal
